dependencies:
  georgik/lua:
    component_hash: 10698fd2d729b63cca8b882e219c3fa3bd8a9adea26f814f2febb624d0385c23
    dependencies:
    - name: idf
      require: private
      version: '>=5.0.0'
    source:
      registry_url: https://components.espressif.com/
      type: service
    version: 5.5.0~7
  idf:
    source:
      type: idf
    version: 5.4.0
direct_dependencies:
- georgik/lua
- idf
manifest_hash: eebb9cc92eecf2db5af228d8312497151a26a13e23931887d055f528bf8a5995
target: esp32c6
version: 2.0.0
